
Microsoft Visual Studio Solution File, Format Version 12.00
Project("{FAE04EC0-301F-11D3-BF4B-00C04F79EFBC}") = "Assignment-MultilevelCache", "Assignment-MultilevelCache\Assignment-MultilevelCache.csproj", "{EBEA7A67-2B95-4D36-9D49-1A1304569F36}"
EndProject
Global
	GlobalSection(SolutionConfigurationPlatforms) = preSolution
		Debug|Any CPU = Debug|Any CPU
		Release|Any CPU = Release|Any CPU
	EndGlobalSection
	GlobalSection(ProjectConfigurationPlatforms) = postSolution
		{EBEA7A67-2B95-4D36-9D49-1A1304569F36}.Debug|Any CPU.ActiveCfg = Debug|Any CPU
		{EBEA7A67-2B95-4D36-9D49-1A1304569F36}.Debug|Any CPU.Build.0 = Debug|Any CPU
		{EBEA7A67-2B95-4D36-9D49-1A1304569F36}.Release|Any CPU.ActiveCfg = Release|Any CPU
		{EBEA7A67-2B95-4D36-9D49-1A1304569F36}.Release|Any CPU.Build.0 = Release|Any CPU
	EndGlobalSection
EndGlobal
